// !$*UTF8*$!
{
	archiveVersion = 1;
	classes = {
	};
	objectVersion = 46;
	objects = {

/* Begin PBXBuildFile section */
		27140D9319D5A09F003B181B /* AppDelegate.swift in Sources */ = {isa = PBXBuildFile; fileRef = 27140D9219D5A09F003B181B /* AppDelegate.swift */; };
		27140D9519D5A09F003B181B /* ViewController.swift in Sources */ = {isa = PBXBuildFile; fileRef = 27140D9419D5A09F003B181B /* ViewController.swift */; };
		27140D9819D5A09F003B181B /* Main.storyboard in Resources */ = {isa = PBXBuildFile; fileRef = 27140D9619D5A09F003B181B /* Main.storyboard */; };
		27140D9A19D5A09F003B181B /* Images.xcassets in Resources */ = {isa = PBXBuildFile; fileRef = 27140D9919D5A09F003B181B /* Images.xcassets */; };
		27140D9D19D5A09F003B181B /* LaunchScreen.xib in Resources */ = {isa = PBXBuildFile; fileRef = 27140D9B19D5A09F003B181B /* LaunchScreen.xib */; };
		27140DA919D5A09F003B181B /* StoryboardsTests.swift in Sources */ = {isa = PBXBuildFile; fileRef = 27140DA819D5A09F003B181B /* StoryboardsTests.swift */; };
		27140DB319D5A0B6003B181B /* iphone.storyboard in Resources */ = {isa = PBXBuildFile; fileRef = 27140DB219D5A0B6003B181B /* iphone.storyboard */; };
		27140DB519D5A0C2003B181B /* ipad.storyboard in Resources */ = {isa = PBXBuildFile; fileRef = 27140DB419D5A0C2003B181B /* ipad.storyboard */; };
		27140DB719D5A13E003B181B /* iPadViewController.swift in Sources */ = {isa = PBXBuildFile; fileRef = 27140DB619D5A13E003B181B /* iPadViewController.swift */; };
/* End PBXBuildFile section */

/* Begin PBXContainerItemProxy section */
		27140DA319D5A09F003B181B /* PBXContainerItemProxy */ = {
			isa = PBXContainerItemProxy;
			containerPortal = 27140D8519D5A09F003B181B /* Project object */;
			proxyType = 1;
			remoteGlobalIDString = 27140D8C19D5A09F003B181B;
			remoteInfo = Storyboards;
		};
/* End PBXContainerItemProxy section */

/* Begin PBXFileReference section */
		27140D8D19D5A09F003B181B /* Storyboards.app */ = {isa = PBXFileReference; explicitFileType = wrapper.application; includeInIndex = 0; path = Storyboards.app; sourceTree = BUILT_PRODUCTS_DIR; };
		27140D9119D5A09F003B181B /* Info.plist */ = {isa = PBXFileReference; lastKnownFileType = text.plist.xml; path = Info.plist; sourceTree = "<group>"; };
		27140D9219D5A09F003B181B /* AppDelegate.swift */ = {isa = PBXFileReference; lastKnownFileType = sourcecode.swift; path = AppDelegate.swift; sourceTree = "<group>"; };
		27140D9419D5A09F003B181B /* ViewController.swift */ = {isa = PBXFileReference; lastKnownFileType = sourcecode.swift; path = ViewController.swift; sourceTree = "<group>"; };
		27140D9719D5A09F003B181B /* Base */ = {isa = PBXFileReference; lastKnownFileType = file.storyboard; name = Base; path = Base.lproj/Main.storyboard; sourceTree = "<group>"; };
		27140D9919D5A09F003B181B /* Images.xcassets */ = {isa = PBXFileReference; lastKnownFileType = folder.assetcatalog; path = Images.xcassets; sourceTree = "<group>"; };
		27140D9C19D5A09F003B181B /* Base */ = {isa = PBXFileReference; lastKnownFileType = file.xib; name = Base; path = Base.lproj/LaunchScreen.xib; sourceTree = "<group>"; };
		27140DA219D5A09F003B181B /* StoryboardsTests.xctest */ = {isa = PBXFileReference; explicitFileType = wrapper.cfbundle; includeInIndex = 0; path = StoryboardsTests.xctest; sourceTree = BUILT_PRODUCTS_DIR; };
		27140DA719D5A09F003B181B /* Info.plist */ = {isa = PBXFileReference; lastKnownFileType = text.plist.xml; path = Info.plist; sourceTree = "<group>"; };
		27140DA819D5A09F003B181B /* StoryboardsTests.swift */ = {isa = PBXFileReference; lastKnownFileType = sourcecode.swift; path = StoryboardsTests.swift; sourceTree = "<group>"; };
		27140DB219D5A0B6003B181B /* iphone.storyboard */ = {isa = PBXFileReference; fileEncoding = 4; lastKnownFileType = file.storyboard; path = iphone.storyboard; sourceTree = "<group>"; };
		27140DB419D5A0C2003B181B /* ipad.storyboard */ = {isa = PBXFileReference; fileEncoding = 4; lastKnownFileType = file.storyboard; path = ipad.storyboard; sourceTree = "<group>"; };
		27140DB619D5A13E003B181B /* iPadViewController.swift */ = {isa = PBXFileReference; fileEncoding = 4; lastKnownFileType = sourcecode.swift; path = iPadViewController.swift; sourceTree = "<group>"; };
/* End PBXFileReference section */

/* Begin PBXFrameworksBuildPhase section */
		27140D8A19D5A09F003B181B /* Frameworks */ = {
			isa = PBXFrameworksBuildPhase;
			buildActionMask = 2147483647;
			files = (
			);
			runOnlyForDeploymentPostprocessing = 0;
		};
		27140D9F19D5A09F003B181B /* Frameworks */ = {
			isa = PBXFrameworksBuildPhase;
			buildActionMask = 2147483647;
			files = (
			);
			runOnlyForDeploymentPostprocessing = 0;
		};
/* End PBXFrameworksBuildPhase section */

/* Begin PBXGroup section */
		27140D8419D5A09F003B181B = {
			isa = PBXGroup;
			children = (
				27140D8F19D5A09F003B181B /* Storyboards */,
				27140DA519D5A09F003B181B /* StoryboardsTests */,
				27140D8E19D5A09F003B181B /* Products */,
			);
			sourceTree = "<group>";
		};
		27140D8E19D5A09F003B181B /* Products */ = {
			isa = PBXGroup;
			children = (
				27140D8D19D5A09F003B181B /* Storyboards.app */,
				27140DA219D5A09F003B181B /* StoryboardsTests.xctest */,
			);
			name = Products;
			sourceTree = "<group>";
		};
		27140D8F19D5A09F003B181B /* Storyboards */ = {
			isa = PBXGroup;
			children = (
				27140D9219D5A09F003B181B /* AppDelegate.swift */,
				27140D9419D5A09F003B181B /* ViewController.swift */,
				27140D9619D5A09F003B181B /* Main.storyboard */,
				27140DB419D5A0C2003B181B /* ipad.storyboard */,
				27140DB219D5A0B6003B181B /* iphone.storyboard */,
				27140D9919D5A09F003B181B /* Images.xcassets */,
				27140D9B19D5A09F003B181B /* LaunchScreen.xib */,
				27140D9019D5A09F003B181B /* Supporting Files */,
				27140DB619D5A13E003B181B /* iPadViewController.swift */,
			);
			path = Storyboards;
			sourceTree = "<group>";
		};
		27140D9019D5A09F003B181B /* Supporting Files */ = {
			isa = PBXGroup;
			children = (
				27140D9119D5A09F003B181B /* Info.plist */,
			);
			name = "Supporting Files";
			sourceTree = "<group>";
		};
		27140DA519D5A09F003B181B /* StoryboardsTests */ = {
			isa = PBXGroup;
			children = (
				27140DA819D5A09F003B181B /* StoryboardsTests.swift */,
				27140DA619D5A09F003B181B /* Supporting Files */,
			);
			path = StoryboardsTests;
			sourceTree = "<group>";
		};
		27140DA619D5A09F003B181B /* Supporting Files */ = {
			isa = PBXGroup;
			children = (
				27140DA719D5A09F003B181B /* Info.plist */,
			);
			name = "Supporting Files";
			sourceTree = "<group>";
		};
/* End PBXGroup section */

/* Begin PBXNativeTarget section */
		27140D8C19D5A09F003B181B /* Storyboards */ = {
			isa = PBXNativeTarget;
			buildConfigurationList = 27140DAC19D5A09F003B181B /* Build configuration list for PBXNativeTarget "Storyboards" */;
			buildPhases = (
				27140D8919D5A09F003B181B /* Sources */,
				27140D8A19D5A09F003B181B /* Frameworks */,
				27140D8B19D5A09F003B181B /* Resources */,
			);
			buildRules = (
			);
			dependencies = (
			);
			name = Storyboards;
			productName = Storyboards;
			productReference = 27140D8D19D5A09F003B181B /* Storyboards.app */;
			productType = "com.apple.product-type.application";
		};
		27140DA119D5A09F003B181B /* StoryboardsTests */ = {
			isa = PBXNativeTarget;
			buildConfigurationList = 27140DAF19D5A09F003B181B /* Build configuration list for PBXNativeTarget "StoryboardsTests" */;
			buildPhases = (
				27140D9E19D5A09F003B181B /* Sources */,
				27140D9F19D5A09F003B181B /* Frameworks */,
				27140DA019D5A09F003B181B /* Resources */,
			);
			buildRules = (
			);
			dependencies = (
				27140DA419D5A09F003B181B /* PBXTargetDependency */,
			);
			name = StoryboardsTests;
			productName = StoryboardsTests;
			productReference = 27140DA219D5A09F003B181B /* StoryboardsTests.xctest */;
			productType = "com.apple.product-type.bundle.unit-test";
		};
/* End PBXNativeTarget section */

/* Begin PBXProject section */
		27140D8519D5A09F003B181B /* Project object */ = {
			isa = PBXProject;
			attributes = {
				LastUpgradeCheck = 0600;
				ORGANIZATIONNAME = "Katlyn Schwaebe";
				TargetAttributes = {
					27140D8C19D5A09F003B181B = {
						CreatedOnToolsVersion = 6.0;
					};
					27140DA119D5A09F003B181B = {
						CreatedOnToolsVersion = 6.0;
						TestTargetID = 27140D8C19D5A09F003B181B;
					};
				};
			};
			buildConfigurationList = 27140D8819D5A09F003B181B /* Build configuration list for PBXProject "Storyboards" */;
			compatibilityVersion = "Xcode 3.2";
			developmentRegion = English;
			hasScannedForEncodings = 0;
			knownRegions = (
				en,
				Base,
			);
			mainGroup = 27140D8419D5A09F003B181B;
			productRefGroup = 27140D8E19D5A09F003B181B /* Products */;
			projectDirPath = "";
			projectRoot = "";
			targets = (
				27140D8C19D5A09F003B181B /* Storyboards */,
				27140DA119D5A09F003B181B /* StoryboardsTests */,
			);
		};
/* End PBXProject section */

/* Begin PBXResourcesBuildPhase section */
		27140D8B19D5A09F003B181B /* Resources */ = {
			isa = PBXResourcesBuildPhase;
			buildActionMask = 2147483647;
			files = (
				27140D9819D5A09F003B181B /* Main.storyboard in Resources */,
				27140D9D19D5A09F003B181B /* LaunchScreen.xib in Resources */,
				27140D9A19D5A09F003B181B /* Images.xcassets in Resources */,
				27140DB519D5A0C2003B181B /* ipad.storyboard in Resources */,
				27140DB319D5A0B6003B181B /* iphone.storyboard in Resources */,
			);
			runOnlyForDeploymentPostprocessing = 0;
		};
		27140DA019D5A09F003B181B /* Resources */ = {
			isa = PBXResourcesBuildPhase;
			buildActionMask = 2147483647;
			files = (
			);
			runOnlyForDeploymentPostprocessing = 0;
		};
/* End PBXResourcesBuildPhase section */

/* Begin PBXSourcesBuildPhase section */
		27140D8919D5A09F003B181B /* Sources */ = {
			isa = PBXSourcesBuildPhase;
			buildActionMask = 2147483647;
			files = (
				27140D9519D5A09F003B181B /* ViewController.swift in Sources */,
				27140DB719D5A13E003B181B /* iPadViewController.swift in Sources */,
				27140D9319D5A09F003B181B /* AppDelegate.swift in Sources */,
			);
			runOnlyForDeploymentPostprocessing = 0;
		};
		27140D9E19D5A09F003B181B /* Sources */ = {
			isa = PBXSourcesBuildPhase;
			buildActionMask = 2147483647;
			files = (
				27140DA919D5A09F003B181B /* StoryboardsTests.swift in Sources */,
			);
			runOnlyForDeploymentPostprocessing = 0;
		};
/* End PBXSourcesBuildPhase section */

/* Begin PBXTargetDependency section */
		27140DA419D5A09F003B181B /* PBXTargetDependency */ = {
			isa = PBXTargetDependency;
			target = 27140D8C19D5A09F003B181B /* Storyboards */;
			targetProxy = 27140DA319D5A09F003B181B /* PBXContainerItemProxy */;
		};
/* End PBXTargetDependency section */

/* Begin PBXVariantGroup section */
		27140D9619D5A09F003B181B /* Main.storyboard */ = {
			isa = PBXVariantGroup;
			children = (
				27140D9719D5A09F003B181B /* Base */,
			);
			name = Main.storyboard;
			sourceTree = "<group>";
		};
		27140D9B19D5A09F003B181B /* LaunchScreen.xib */ = {
			isa = PBXVariantGroup;
			children = (
				27140D9C19D5A09F003B181B /* Base */,
			);
			name = LaunchScreen.xib;
			sourceTree = "<group>";
		};
/* End PBXVariantGroup section */

/* Begin XCBuildConfiguration section */
		27140DAA19D5A09F003B181B /* Debug */ = {
			isa = XCBuildConfiguration;
			buildSettings = {
				ALWAYS_SEARCH_USER_PATHS = NO;
				CLANG_CXX_LANGUAGE_STANDARD = "gnu++0x";
				CLANG_CXX_LIBRARY = "libc++";
				CLANG_ENABLE_MODULES = YES;
				CLANG_ENABLE_OBJC_ARC = YES;
				CLANG_WARN_BOOL_CONVERSION = YES;
				CLANG_WARN_CONSTANT_CONVERSION = YES;
				CLANG_WARN_DIRECT_OBJC_ISA_USAGE = YES_ERROR;
				CLANG_WARN_EMPTY_BODY = YES;
				CLANG_WARN_ENUM_CONVERSION = YES;
				CLANG_WARN_INT_CONVERSION = YES;
				CLANG_WARN_OBJC_ROOT_CLASS = YES_ERROR;
				CLANG_WARN_UNREACHABLE_CODE = YES;
				CLANG_WARN__DUPLICATE_METHOD_MATCH = YES;
				"CODE_SIGN_IDENTITY[sdk=iphoneos*]" = "iPhone Developer";
				COPY_PHASE_STRIP = NO;
				ENABLE_STRICT_OBJC_MSGSEND = YES;
				GCC_C_LANGUAGE_STANDARD = gnu99;
				GCC_DYNAMIC_NO_PIC = NO;
				GCC_OPTIMIZATION_LEVEL = 0;
				GCC_PREPROCESSOR_DEFINITIONS = (
					"DEBUG=1",
					"$(inherited)",
				);
				GCC_SYMBOLS_PRIVATE_EXTERN = NO;
				GCC_WARN_64_TO_32_BIT_CONVERSION = YES;
				GCC_WARN_ABOUT_RETURN_TYPE = YES_ERROR;
				GCC_WARN_UNDECLARED_SELECTOR = YES;
				GCC_WARN_UNINITIALIZED_AUTOS = YES_AGGRESSIVE;
				GCC_WARN_UNUSED_FUNCTION = YES;
				GCC_WARN_UNUSED_VARIABLE = YES;
				IPHONEOS_DEPLOYMENT_TARGET = 8.0;
				MTL_ENABLE_DEBUG_INFO = YES;
				ONLY_ACTIVE_ARCH = YES;
				SDKROOT = iphoneos;
				SWIFT_OPTIMIZATION_LEVEL = "-Onone";
			};
			name = Debug;
		};
		27140DAB19D5A09F003B181B /* Release */ = {
			isa = XCBuildConfiguration;
			buildSettings = {
				ALWAYS_SEARCH_USER_PATHS = NO;
				CLANG_CXX_LANGUAGE_STANDARD = "gnu++0x";
				CLANG_CXX_LIBRARY = "libc++";
				CLANG_ENABLE_MODULES = YES;
				CLANG_ENABLE_OBJC_ARC = YES;
				CLANG_WARN_BOOL_CONVERSION = YES;
				CLANG_WARN_CONSTANT_CONVERSION = YES;
				CLANG_WARN_DIRECT_OBJC_ISA_USAGE = YES_ERROR;
				CLANG_WARN_EMPTY_BODY = YES;
				CLANG_WARN_ENUM_CONVERSION = YES;
				CLANG_WARN_INT_CONVERSION = YES;
				CLANG_WARN_OBJC_ROOT_CLASS = YES_ERROR;
				CLANG_WARN_UNREACHABLE_CODE = YES;
				CLANG_WARN__DUPLICATE_METHOD_MATCH = YES;
				"CODE_SIGN_IDENTITY[sdk=iphoneos*]" = "iPhone Developer";
				COPY_PHASE_STRIP = YES;
				ENABLE_NS_ASSERTIONS = NO;
				ENABLE_STRICT_OBJC_MSGSEND = YES;
				GCC_C_LANGUAGE_STANDARD = gnu99;
				GCC_WARN_64_TO_32_BIT_CONVERSION = YES;
				GCC_WARN_ABOUT_RETURN_TYPE = YES_ERROR;
				GCC_WARN_UNDECLARED_SELECTOR = YES;
				GCC_WARN_UNINITIALIZED_AUTOS = YES_AGGRESSIVE;
				GCC_WARN_UNUSED_FUNCTION = YES;
				GCC_WARN_UNUSED_VARIABLE = YES;
				IPHONEOS_DEPLOYMENT_TARGET = 8.0;
				MTL_ENABLE_DEBUG_INFO = NO;
				SDKROOT = iphoneos;
				VALIDATE_PRODUCT = YES;
			};
			name = Release;
		};
		27140DAD19D5A09F003B181B /* Debug */ = {
			isa = XCBuildConfiguration;
			buildSettings = {
				ASSETCATALOG_COMPILER_APPICON_NAME = AppIcon;
				INFOPLIST_FILE = Storyboards/Info.plist;
				LD_RUNPATH_SEARCH_PATHS = "$(inherited) @executable_path/Frameworks";
				PRODUCT_NAME = "$(TARGET_NAME)";
			};
			name = Debug;
		};
		27140DAE19D5A09F003B181B /* Release */ = {
			isa = XCBuildConfiguration;
			buildSettings = {
				ASSETCATALOG_COMPILER_APPICON_NAME = AppIcon;
				INFOPLIST_FILE = Storyboards/Info.plist;
				LD_RUNPATH_SEARCH_PATHS = "$(inherited) @executable_path/Frameworks";
				PRODUCT_NAME = "$(TARGET_NAME)";
			};
			name = Release;
		};
		27140DB019D5A09F003B181B /* Debug */ = {
			isa = XCBuildConfiguration;
			buildSettings = {
				BUNDLE_LOADER = "$(TEST_HOST)";
				FRAMEWORK_SEARCH_PATHS = (
					"$(SDKROOT)/Developer/Library/Frameworks",
					"$(inherited)",
				);
				GCC_PREPROCESSOR_DEFINITIONS = (
					"DEBUG=1",
					"$(inherited)",
				);
				INFOPLIST_FILE = StoryboardsTests/Info.plist;
				LD_RUNPATH_SEARCH_PATHS = "$(inherited) @executable_path/Frameworks @loader_path/Frameworks";
				PRODUCT_NAME = "$(TARGET_NAME)";
				TEST_HOST = "$(BUILT_PRODUCTS_DIR)/Storyboards.app/Storyboards";
			};
			name = Debug;
		};
		27140DB119D5A09F003B181B /* Release */ = {
			isa = XCBuildConfiguration;
			buildSettings = {
				BUNDLE_LOADER = "$(TEST_HOST)";
				FRAMEWORK_SEARCH_PATHS = (
					"$(SDKROOT)/Developer/Library/Frameworks",
					"$(inherited)",
				);
				INFOPLIST_FILE = StoryboardsTests/Info.plist;
				LD_RUNPATH_SEARCH_PATHS = "$(inherited) @executable_path/Frameworks @loader_path/Frameworks";
				PRODUCT_NAME = "$(TARGET_NAME)";
				TEST_HOST = "$(BUILT_PRODUCTS_DIR)/Storyboards.app/Storyboards";
			};
			name = Release;
		};
/* End XCBuildConfiguration section */

/* Begin XCConfigurationList section */
		27140D8819D5A09F003B181B /* Build configuration list for PBXProject "Storyboards" */ = {
			isa = XCConfigurationList;
			buildConfigurations = (
				27140DAA19D5A09F003B181B /* Debug */,
				27140DAB19D5A09F003B181B /* Release */,
			);
			defaultConfigurationIsVisible = 0;
			defaultConfigurationName = Release;
		};
		27140DAC19D5A09F003B181B /* Build configuration list for PBXNativeTarget "Storyboards" */ = {
			isa = XCConfigurationList;
			buildConfigurations = (
				27140DAD19D5A09F003B181B /* Debug */,
				27140DAE19D5A09F003B181B /* Release */,
			);
			defaultConfigurationIsVisible = 0;
		};
		27140DAF19D5A09F003B181B /* Build configuration list for PBXNativeTarget "StoryboardsTests" */ = {
			isa = XCConfigurationList;
			buildConfigurations = (
				27140DB019D5A09F003B181B /* Debug */,
				27140DB119D5A09F003B181B /* Release */,
			);
			defaultConfigurationIsVisible = 0;
		};
/* End XCConfigurationList section */
	};
	rootObject = 27140D8519D5A09F003B181B /* Project object */;
}
